
Microsoft Visual Studio Solution File, Format Version 12.00
# Visual Studio 15
VisualStudioVersion = 15.0.28307.271
MinimumVisualStudioVersion = 10.0.40219.1
Project("{FAE04EC0-301F-11D3-BF4B-00C04F79EFBC}") = "QuanLyQuanAn", "QuanLyQuanCoffee\QuanLyQuanAn.csproj", "{504E1FA9-3428-49C4-B541-E58F0F1A4DB4}"
EndProject
Project("{FAE04EC0-301F-11D3-BF4B-00C04F79EFBC}") = "BusinessAcessLayer", "BusinessAcessLayer\BusinessAcessLayer.csproj", "{3246E950-7FAA-412C-9539-C62A1DE411E4}"
EndProject
Project("{54435603-DBB4-11D2-8724-00A0C9A8B90C}") = "Setup1", "..\..\File Setup\Setup1\Setup1.vdproj", "{E4F87933-83A8-405C-80DF-98B264892044}"
EndProject
Global
	GlobalSection(SolutionConfigurationPlatforms) = preSolution
		Debug|Any CPU = Debug|Any CPU
		Release|Any CPU = Release|Any CPU
	EndGlobalSection
	GlobalSection(ProjectConfigurationPlatforms) = postSolution
		{504E1FA9-3428-49C4-B541-E58F0F1A4DB4}.Debug|Any CPU.ActiveCfg = Debug|Any CPU
		{504E1FA9-3428-49C4-B541-E58F0F1A4DB4}.Debug|Any CPU.Build.0 = Debug|Any CPU
		{504E1FA9-3428-49C4-B541-E58F0F1A4DB4}.Release|Any CPU.ActiveCfg = Release|Any CPU
		{504E1FA9-3428-49C4-B541-E58F0F1A4DB4}.Release|Any CPU.Build.0 = Release|Any CPU
		{3246E950-7FAA-412C-9539-C62A1DE411E4}.Debug|Any CPU.ActiveCfg = Debug|Any CPU
		{3246E950-7FAA-412C-9539-C62A1DE411E4}.Debug|Any CPU.Build.0 = Debug|Any CPU
		{3246E950-7FAA-412C-9539-C62A1DE411E4}.Release|Any CPU.ActiveCfg = Release|Any CPU
		{3246E950-7FAA-412C-9539-C62A1DE411E4}.Release|Any CPU.Build.0 = Release|Any CPU
		{E4F87933-83A8-405C-80DF-98B264892044}.Debug|Any CPU.ActiveCfg = Debug
		{E4F87933-83A8-405C-80DF-98B264892044}.Release|Any CPU.ActiveCfg = Release
	EndGlobalSection
	GlobalSection(SolutionProperties) = preSolution
		HideSolutionNode = FALSE
	EndGlobalSection
	GlobalSection(ExtensibilityGlobals) = postSolution
		SolutionGuid = {8745BAC2-8A57-437D-85B9-963FF39860FA}
	EndGlobalSection
EndGlobal
